
Microsoft Visual Studio Solution File, Format Version 12.00
# Visual Studio 15
VisualStudioVersion = 15.0.27428.2015
MinimumVisualStudioVersion = 10.0.40219.1
Project("{FAE04EC0-301F-11D3-BF4B-00C04F79EFBC}") = "CoalitionHack", "CoalitionHack\CoalitionHack.csproj", "{B53E003D-3CA2-4C30-A315-E836ECB96509}"
EndProject
Global
	GlobalSection(SolutionConfigurationPlatforms) = preSolution
		Debug|Any CPU = Debug|Any CPU
		Release|Any CPU = Release|Any CPU
	EndGlobalSection
	GlobalSection(ProjectConfigurationPlatforms) = postSolution
		{B53E003D-3CA2-4C30-A315-E836ECB96509}.Debug|Any CPU.ActiveCfg = Debug|Any CPU
		{B53E003D-3CA2-4C30-A315-E836ECB96509}.Debug|Any CPU.Build.0 = Debug|Any CPU
		{B53E003D-3CA2-4C30-A315-E836ECB96509}.Release|Any CPU.ActiveCfg = Release|Any CPU
		{B53E003D-3CA2-4C30-A315-E836ECB96509}.Release|Any CPU.Build.0 = Release|Any CPU
	EndGlobalSection
	GlobalSection(SolutionProperties) = preSolution
		HideSolutionNode = FALSE
	EndGlobalSection
	GlobalSection(ExtensibilityGlobals) = postSolution
		SolutionGuid = {45D947D9-C006-4011-A587-A9CF98C65F34}
	EndGlobalSection
EndGlobal
